{
  "originHash" : "43e847ef089e71f1d388d69cf1431b2ba990a8c9bcc054db6231a69eb3a03fff",
  "pins" : [
    {
      "identity" : "kingfisher",
      "kind" : "remoteSourceControl",
      "location" : "https://github.com/onevcat/Kingfisher.git",
      "state" : {
        "revision" : "2ef543ee21d63734e1c004ad6c870255e8716c50",
        "version" : "7.12.0"
      }
    },
    {
      "identity" : "swiftuicharts",
      "kind" : "remoteSourceControl",
      "location" : "https://github.com/willdale/SwiftUICharts",
      "state" : {
        "revision" : "01b54e54dd88f5c1fa55077a260255c6036e3dab",
        "version" : "2.10.3"
      }
    }
  ],
  "version" : 3
}
